
Microsoft Visual Studio Solution File, Format Version 12.00
# Visual Studio Version 17
VisualStudioVersion = 17.6.33723.286
MinimumVisualStudioVersion = 10.0.40219.1
Project("{FAE04EC0-301F-11D3-BF4B-00C04F79EFBC}") = "Expenses", "Expenses\Expenses.csproj", "{39BDB5CD-E89B-45FF-B6B7-EE0775D614D5}"
EndProject
Project("{2150E333-8FDC-42A3-9474-1A3956D46DE8}") = "src", "src", "{0E68BFDF-2BF2-4C8C-A7A6-2231B103DD78}"
EndProject
Project("{2150E333-8FDC-42A3-9474-1A3956D46DE8}") = "tests", "tests", "{7FC5D99B-5D94-4ABF-AB85-5154A50F5B4A}"
EndProject
Project("{FAE04EC0-301F-11D3-BF4B-00C04F79EFBC}") = "Expenses.Api.IntegrationTests", "Expenses.Api.IntegrationTests\Expenses.Api.IntegrationTests.csproj", "{F7F9AA07-8499-4422-871B-3D071A1F2516}"
EndProject
Project("{FAE04EC0-301F-11D3-BF4B-00C04F79EFBC}") = "Expenses.Queries.Tests", "Expenses.Queries.Tests\Expenses.Queries.Tests.csproj", "{214AB611-FDC4-478F-A05C-DE41D405585F}"
EndProject
Project("{FAE04EC0-301F-11D3-BF4B-00C04F79EFBC}") = "Expenses.Api.Common", "Expenses.Api.Common\Expenses.Api.Common.csproj", "{4C881A16-C423-489D-868F-7E49F50AFB60}"
EndProject
Project("{FAE04EC0-301F-11D3-BF4B-00C04F79EFBC}") = "Expenses.Api.Models", "Expenses.Api.Models\Expenses.Api.Models.csproj", "{7AB907A3-068F-4859-9C38-D4CC5C33C809}"
EndProject
Project("{FAE04EC0-301F-11D3-BF4B-00C04F79EFBC}") = "Expenses.Data.Access", "Expenses.Data.Access\Expenses.Data.Access.csproj", "{CCAEF796-A950-4536-99A1-2BA3B78EC474}"
EndProject
Project("{FAE04EC0-301F-11D3-BF4B-00C04F79EFBC}") = "Expenses.Data.Model", "Expenses.Data.Model\Expenses.Data.Model.csproj", "{7FCE8E31-F6DB-4A50-B4C3-0F8E94323A09}"
EndProject
Project("{FAE04EC0-301F-11D3-BF4B-00C04F79EFBC}") = "Expenses.Queries", "Expenses.Queries\Expenses.Queries.csproj", "{01DDEC49-63CC-45E0-A552-CFE2B958758D}"
EndProject
Project("{FAE04EC0-301F-11D3-BF4B-00C04F79EFBC}") = "Expenses.Security", "Expenses.Security\Expenses.Security.csproj", "{972A520F-C5B1-4F24-8A3F-D57C0683AF7F}"
EndProject
Global
	GlobalSection(SolutionConfigurationPlatforms) = preSolution
		Debug|Any CPU = Debug|Any CPU
		Release|Any CPU = Release|Any CPU
	EndGlobalSection
	GlobalSection(ProjectConfigurationPlatforms) = postSolution
		{39BDB5CD-E89B-45FF-B6B7-EE0775D614D5}.Debug|Any CPU.ActiveCfg = Debug|Any CPU
		{39BDB5CD-E89B-45FF-B6B7-EE0775D614D5}.Debug|Any CPU.Build.0 = Debug|Any CPU
		{39BDB5CD-E89B-45FF-B6B7-EE0775D614D5}.Release|Any CPU.ActiveCfg = Release|Any CPU
		{39BDB5CD-E89B-45FF-B6B7-EE0775D614D5}.Release|Any CPU.Build.0 = Release|Any CPU
		{F7F9AA07-8499-4422-871B-3D071A1F2516}.Debug|Any CPU.ActiveCfg = Debug|Any CPU
		{F7F9AA07-8499-4422-871B-3D071A1F2516}.Debug|Any CPU.Build.0 = Debug|Any CPU
		{F7F9AA07-8499-4422-871B-3D071A1F2516}.Release|Any CPU.ActiveCfg = Release|Any CPU
		{F7F9AA07-8499-4422-871B-3D071A1F2516}.Release|Any CPU.Build.0 = Release|Any CPU
		{214AB611-FDC4-478F-A05C-DE41D405585F}.Debug|Any CPU.ActiveCfg = Debug|Any CPU
		{214AB611-FDC4-478F-A05C-DE41D405585F}.Debug|Any CPU.Build.0 = Debug|Any CPU
		{214AB611-FDC4-478F-A05C-DE41D405585F}.Release|Any CPU.ActiveCfg = Release|Any CPU
		{214AB611-FDC4-478F-A05C-DE41D405585F}.Release|Any CPU.Build.0 = Release|Any CPU
		{4C881A16-C423-489D-868F-7E49F50AFB60}.Debug|Any CPU.ActiveCfg = Debug|Any CPU
		{4C881A16-C423-489D-868F-7E49F50AFB60}.Debug|Any CPU.Build.0 = Debug|Any CPU
		{4C881A16-C423-489D-868F-7E49F50AFB60}.Release|Any CPU.ActiveCfg = Release|Any CPU
		{4C881A16-C423-489D-868F-7E49F50AFB60}.Release|Any CPU.Build.0 = Release|Any CPU
		{7AB907A3-068F-4859-9C38-D4CC5C33C809}.Debug|Any CPU.ActiveCfg = Debug|Any CPU
		{7AB907A3-068F-4859-9C38-D4CC5C33C809}.Debug|Any CPU.Build.0 = Debug|Any CPU
		{7AB907A3-068F-4859-9C38-D4CC5C33C809}.Release|Any CPU.ActiveCfg = Release|Any CPU
		{7AB907A3-068F-4859-9C38-D4CC5C33C809}.Release|Any CPU.Build.0 = Release|Any CPU
		{CCAEF796-A950-4536-99A1-2BA3B78EC474}.Debug|Any CPU.ActiveCfg = Debug|Any CPU
		{CCAEF796-A950-4536-99A1-2BA3B78EC474}.Debug|Any CPU.Build.0 = Debug|Any CPU
		{CCAEF796-A950-4536-99A1-2BA3B78EC474}.Release|Any CPU.ActiveCfg = Release|Any CPU
		{CCAEF796-A950-4536-99A1-2BA3B78EC474}.Release|Any CPU.Build.0 = Release|Any CPU
		{7FCE8E31-F6DB-4A50-B4C3-0F8E94323A09}.Debug|Any CPU.ActiveCfg = Debug|Any CPU
		{7FCE8E31-F6DB-4A50-B4C3-0F8E94323A09}.Debug|Any CPU.Build.0 = Debug|Any CPU
		{7FCE8E31-F6DB-4A50-B4C3-0F8E94323A09}.Release|Any CPU.ActiveCfg = Release|Any CPU
		{7FCE8E31-F6DB-4A50-B4C3-0F8E94323A09}.Release|Any CPU.Build.0 = Release|Any CPU
		{01DDEC49-63CC-45E0-A552-CFE2B958758D}.Debug|Any CPU.ActiveCfg = Debug|Any CPU
		{01DDEC49-63CC-45E0-A552-CFE2B958758D}.Debug|Any CPU.Build.0 = Debug|Any CPU
		{01DDEC49-63CC-45E0-A552-CFE2B958758D}.Release|Any CPU.ActiveCfg = Release|Any CPU
		{01DDEC49-63CC-45E0-A552-CFE2B958758D}.Release|Any CPU.Build.0 = Release|Any CPU
		{972A520F-C5B1-4F24-8A3F-D57C0683AF7F}.Debug|Any CPU.ActiveCfg = Debug|Any CPU
		{972A520F-C5B1-4F24-8A3F-D57C0683AF7F}.Debug|Any CPU.Build.0 = Debug|Any CPU
		{972A520F-C5B1-4F24-8A3F-D57C0683AF7F}.Release|Any CPU.ActiveCfg = Release|Any CPU
		{972A520F-C5B1-4F24-8A3F-D57C0683AF7F}.Release|Any CPU.Build.0 = Release|Any CPU
	EndGlobalSection
	GlobalSection(SolutionProperties) = preSolution
		HideSolutionNode = FALSE
	EndGlobalSection
	GlobalSection(NestedProjects) = preSolution
		{39BDB5CD-E89B-45FF-B6B7-EE0775D614D5} = {0E68BFDF-2BF2-4C8C-A7A6-2231B103DD78}
		{F7F9AA07-8499-4422-871B-3D071A1F2516} = {7FC5D99B-5D94-4ABF-AB85-5154A50F5B4A}
		{214AB611-FDC4-478F-A05C-DE41D405585F} = {7FC5D99B-5D94-4ABF-AB85-5154A50F5B4A}
		{4C881A16-C423-489D-868F-7E49F50AFB60} = {0E68BFDF-2BF2-4C8C-A7A6-2231B103DD78}
		{7AB907A3-068F-4859-9C38-D4CC5C33C809} = {0E68BFDF-2BF2-4C8C-A7A6-2231B103DD78}
		{CCAEF796-A950-4536-99A1-2BA3B78EC474} = {0E68BFDF-2BF2-4C8C-A7A6-2231B103DD78}
		{7FCE8E31-F6DB-4A50-B4C3-0F8E94323A09} = {0E68BFDF-2BF2-4C8C-A7A6-2231B103DD78}
		{01DDEC49-63CC-45E0-A552-CFE2B958758D} = {0E68BFDF-2BF2-4C8C-A7A6-2231B103DD78}
		{972A520F-C5B1-4F24-8A3F-D57C0683AF7F} = {0E68BFDF-2BF2-4C8C-A7A6-2231B103DD78}
	EndGlobalSection
	GlobalSection(ExtensibilityGlobals) = postSolution
		SolutionGuid = {16DEF8E1-D3C3-428C-A5F0-CBBA66ED78E7}
	EndGlobalSection
EndGlobal
